
Microsoft Visual Studio Solution File, Format Version 12.00
# Visual Studio Version 16
VisualStudioVersion = 16.0.30128.74
MinimumVisualStudioVersion = 10.0.40219.1
Project("{FAE04EC0-301F-11D3-BF4B-00C04F79EFBC}") = "Entities", "Entities\Entities.csproj", "{42EEE53F-A40A-49BC-A933-8D3F58761EEC}"
EndProject
Global
	GlobalSection(SolutionConfigurationPlatforms) = preSolution
		Debug|Any CPU = Debug|Any CPU
		Release|Any CPU = Release|Any CPU
	EndGlobalSection
	GlobalSection(ProjectConfigurationPlatforms) = postSolution
		{42EEE53F-A40A-49BC-A933-8D3F58761EEC}.Debug|Any CPU.ActiveCfg = Debug|Any CPU
		{42EEE53F-A40A-49BC-A933-8D3F58761EEC}.Debug|Any CPU.Build.0 = Debug|Any CPU
		{42EEE53F-A40A-49BC-A933-8D3F58761EEC}.Release|Any CPU.ActiveCfg = Release|Any CPU
		{42EEE53F-A40A-49BC-A933-8D3F58761EEC}.Release|Any CPU.Build.0 = Release|Any CPU
	EndGlobalSection
	GlobalSection(SolutionProperties) = preSolution
		HideSolutionNode = FALSE
	EndGlobalSection
	GlobalSection(ExtensibilityGlobals) = postSolution
		SolutionGuid = {FC93AF2B-F07E-4CA4-A539-252D983ADD05}
	EndGlobalSection
EndGlobal
